// !$*UTF8*$!
{
	archiveVersion = 1;
	classes = {
	};
	objectVersion = 46;
	objects = {

/* Begin PBXBuildFile section */
		0F1AEA0F1EF2D231000B1A37 /* Home.storyboard in Resources */ = {isa = PBXBuildFile; fileRef = 0F1AEA0D1EF2D231000B1A37 /* Home.storyboard */; };
		0F1AEA111EF2D2D4000B1A37 /* Live.storyboard in Resources */ = {isa = PBXBuildFile; fileRef = 0F1AEA101EF2D2D4000B1A37 /* Live.storyboard */; };
		0F1AEA141EF2D2EE000B1A37 /* Follow.storyboard in Resources */ = {isa = PBXBuildFile; fileRef = 0F1AEA121EF2D2EE000B1A37 /* Follow.storyboard */; };
		0F1AEA161EF2D304000B1A37 /* Profile.storyboard in Resources */ = {isa = PBXBuildFile; fileRef = 0F1AEA151EF2D304000B1A37 /* Profile.storyboard */; };
		0F1AEA1A1EF2DFA3000B1A37 /* MainViewController.swift in Sources */ = {isa = PBXBuildFile; fileRef = 0F1AEA191EF2DFA3000B1A37 /* MainViewController.swift */; };
		0F1AEA221EF2E6DA000B1A37 /* HomeViewController.swift in Sources */ = {isa = PBXBuildFile; fileRef = 0F1AEA211EF2E6DA000B1A37 /* HomeViewController.swift */; };
		0FE48AA01EF6CD0700887BC0 /* UIBarButtonItem-Extension.swift in Sources */ = {isa = PBXBuildFile; fileRef = 0FE48A9F1EF6CD0700887BC0 /* UIBarButtonItem-Extension.swift */; };
		0FF25A1B1EF193620085B451 /* AppDelegate.swift in Sources */ = {isa = PBXBuildFile; fileRef = 0FF25A1A1EF193620085B451 /* AppDelegate.swift */; };
		0FF25A201EF193620085B451 /* Main.storyboard in Resources */ = {isa = PBXBuildFile; fileRef = 0FF25A1E1EF193620085B451 /* Main.storyboard */; };
		0FF25A221EF193620085B451 /* Assets.xcassets in Resources */ = {isa = PBXBuildFile; fileRef = 0FF25A211EF193620085B451 /* Assets.xcassets */; };
		0FF25A251EF193620085B451 /* LaunchScreen.storyboard in Resources */ = {isa = PBXBuildFile; fileRef = 0FF25A231EF193620085B451 /* LaunchScreen.storyboard */; };
		0FF25A301EF193620085B451 /* DYZBTests.swift in Sources */ = {isa = PBXBuildFile; fileRef = 0FF25A2F1EF193620085B451 /* DYZBTests.swift */; };
		0FF25A3B1EF193620085B451 /* DYZBUITests.swift in Sources */ = {isa = PBXBuildFile; fileRef = 0FF25A3A1EF193620085B451 /* DYZBUITests.swift */; };
/* End PBXBuildFile section */

/* Begin PBXContainerItemProxy section */
		0FF25A2C1EF193620085B451 /* PBXContainerItemProxy */ = {
			isa = PBXContainerItemProxy;
			containerPortal = 0FF25A0F1EF193620085B451 /* Project object */;
			proxyType = 1;
			remoteGlobalIDString = 0FF25A161EF193620085B451;
			remoteInfo = DYZB;
		};
		0FF25A371EF193620085B451 /* PBXContainerItemProxy */ = {
			isa = PBXContainerItemProxy;
			containerPortal = 0FF25A0F1EF193620085B451 /* Project object */;
			proxyType = 1;
			remoteGlobalIDString = 0FF25A161EF193620085B451;
			remoteInfo = DYZB;
		};
/* End PBXContainerItemProxy section */

/* Begin PBXFileReference section */
		0F1AEA0E1EF2D231000B1A37 /* Base */ = {isa = PBXFileReference; lastKnownFileType = file.storyboard; name = Base; path = DYZB/Base.lproj/Home.storyboard; sourceTree = SOURCE_ROOT; };
		0F1AEA101EF2D2D4000B1A37 /* Live.storyboard */ = {isa = PBXFileReference; fileEncoding = 4; lastKnownFileType = file.storyboard; name = Live.storyboard; path = ../Main/Live.storyboard; sourceTree = "<group>"; };
		0F1AEA131EF2D2EE000B1A37 /* Base */ = {isa = PBXFileReference; lastKnownFileType = file.storyboard; name = Base; path = DYZB/Base.lproj/Follow.storyboard; sourceTree = SOURCE_ROOT; };
		0F1AEA151EF2D304000B1A37 /* Profile.storyboard */ = {isa = PBXFileReference; fileEncoding = 4; lastKnownFileType = file.storyboard; name = Profile.storyboard; path = ../Main/Profile.storyboard; sourceTree = "<group>"; };
		0F1AEA191EF2DFA3000B1A37 /* MainViewController.swift */ = {isa = PBXFileReference; fileEncoding = 4; lastKnownFileType = sourcecode.swift; path = MainViewController.swift; sourceTree = "<group>"; };
		0F1AEA211EF2E6DA000B1A37 /* HomeViewController.swift */ = {isa = PBXFileReference; fileEncoding = 4; lastKnownFileType = sourcecode.swift; path = HomeViewController.swift; sourceTree = "<group>"; };
		0FE48A9F1EF6CD0700887BC0 /* UIBarButtonItem-Extension.swift */ = {isa = PBXFileReference; fileEncoding = 4; lastKnownFileType = sourcecode.swift; path = "UIBarButtonItem-Extension.swift"; sourceTree = "<group>"; };
		0FF25A171EF193620085B451 /* DYZB.app */ = {isa = PBXFileReference; explicitFileType = wrapper.application; includeInIndex = 0; path = DYZB.app; sourceTree = BUILT_PRODUCTS_DIR; };
		0FF25A1A1EF193620085B451 /* AppDelegate.swift */ = {isa = PBXFileReference; lastKnownFileType = sourcecode.swift; path = AppDelegate.swift; sourceTree = "<group>"; };
		0FF25A1F1EF193620085B451 /* Base */ = {isa = PBXFileReference; lastKnownFileType = file.storyboard; name = Base; path = Base.lproj/Main.storyboard; sourceTree = "<group>"; };
		0FF25A211EF193620085B451 /* Assets.xcassets */ = {isa = PBXFileReference; lastKnownFileType = folder.assetcatalog; path = Assets.xcassets; sourceTree = "<group>"; };
		0FF25A241EF193620085B451 /* Base */ = {isa = PBXFileReference; lastKnownFileType = file.storyboard; name = Base; path = Base.lproj/LaunchScreen.storyboard; sourceTree = "<group>"; };
		0FF25A261EF193620085B451 /* Info.plist */ = {isa = PBXFileReference; lastKnownFileType = text.plist.xml; path = Info.plist; sourceTree = "<group>"; };
		0FF25A2B1EF193620085B451 /* DYZBTests.xctest */ = {isa = PBXFileReference; explicitFileType = wrapper.cfbundle; includeInIndex = 0; path = DYZBTests.xctest; sourceTree = BUILT_PRODUCTS_DIR; };
		0FF25A2F1EF193620085B451 /* DYZBTests.swift */ = {isa = PBXFileReference; lastKnownFileType = sourcecode.swift; path = DYZBTests.swift; sourceTree = "<group>"; };
		0FF25A311EF193620085B451 /* Info.plist */ = {isa = PBXFileReference; lastKnownFileType = text.plist.xml; path = Info.plist; sourceTree = "<group>"; };
		0FF25A361EF193620085B451 /* DYZBUITests.xctest */ = {isa = PBXFileReference; explicitFileType = wrapper.cfbundle; includeInIndex = 0; path = DYZBUITests.xctest; sourceTree = BUILT_PRODUCTS_DIR; };
		0FF25A3A1EF193620085B451 /* DYZBUITests.swift */ = {isa = PBXFileReference; lastKnownFileType = sourcecode.swift; path = DYZBUITests.swift; sourceTree = "<group>"; };
		0FF25A3C1EF193620085B451 /* Info.plist */ = {isa = PBXFileReference; lastKnownFileType = text.plist.xml; path = Info.plist; sourceTree = "<group>"; };
/* End PBXFileReference section */

/* Begin PBXFrameworksBuildPhase section */
		0FF25A141EF193620085B451 /* Frameworks */ = {
			isa = PBXFrameworksBuildPhase;
			buildActionMask = 2147483647;
			files = (
			);
			runOnlyForDeploymentPostprocessing = 0;
		};
		0FF25A281EF193620085B451 /* Frameworks */ = {
			isa = PBXFrameworksBuildPhase;
			buildActionMask = 2147483647;
			files = (
			);
			runOnlyForDeploymentPostprocessing = 0;
		};
		0FF25A331EF193620085B451 /* Frameworks */ = {
			isa = PBXFrameworksBuildPhase;
			buildActionMask = 2147483647;
			files = (
			);
			runOnlyForDeploymentPostprocessing = 0;
		};
/* End PBXFrameworksBuildPhase section */

/* Begin PBXGroup section */
		0F1AEA1B1EF2E687000B1A37 /* Controller */ = {
			isa = PBXGroup;
			children = (
				0F1AEA211EF2E6DA000B1A37 /* HomeViewController.swift */,
			);
			path = Controller;
			sourceTree = "<group>";
		};
		0F1AEA1C1EF2E687000B1A37 /* Model */ = {
			isa = PBXGroup;
			children = (
			);
			path = Model;
			sourceTree = "<group>";
		};
		0F1AEA1D1EF2E687000B1A37 /* View */ = {
			isa = PBXGroup;
			children = (
			);
			path = View;
			sourceTree = "<group>";
		};
		0F1AEA1E1EF2E697000B1A37 /* Controller */ = {
			isa = PBXGroup;
			children = (
			);
			path = Controller;
			sourceTree = "<group>";
		};
		0F1AEA1F1EF2E697000B1A37 /* Model */ = {
			isa = PBXGroup;
			children = (
			);
			path = Model;
			sourceTree = "<group>";
		};
		0F1AEA201EF2E697000B1A37 /* View */ = {
			isa = PBXGroup;
			children = (
			);
			path = View;
			sourceTree = "<group>";
		};
		0FE48A9C1EF6CCB400887BC0 /* Extension */ = {
			isa = PBXGroup;
			children = (
				0FE48A9F1EF6CD0700887BC0 /* UIBarButtonItem-Extension.swift */,
			);
			path = Extension;
			sourceTree = "<group>";
		};
		0FF25A0E1EF193620085B451 = {
			isa = PBXGroup;
			children = (
				0FF25A191EF193620085B451 /* DYZB */,
				0FF25A2E1EF193620085B451 /* DYZBTests */,
				0FF25A391EF193620085B451 /* DYZBUITests */,
				0FF25A181EF193620085B451 /* Products */,
			);
			sourceTree = "<group>";
		};
		0FF25A181EF193620085B451 /* Products */ = {
			isa = PBXGroup;
			children = (
				0FF25A171EF193620085B451 /* DYZB.app */,
				0FF25A2B1EF193620085B451 /* DYZBTests.xctest */,
				0FF25A361EF193620085B451 /* DYZBUITests.xctest */,
			);
			name = Products;
			sourceTree = "<group>";
		};
		0FF25A191EF193620085B451 /* DYZB */ = {
			isa = PBXGroup;
			children = (
				0FF25A481EF19EFB0085B451 /* Classes */,
				0FF25A1A1EF193620085B451 /* AppDelegate.swift */,
				0FF25A211EF193620085B451 /* Assets.xcassets */,
				0FF25A231EF193620085B451 /* LaunchScreen.storyboard */,
				0FF25A261EF193620085B451 /* Info.plist */,
			);
			path = DYZB;
			sourceTree = "<group>";
		};
		0FF25A2E1EF193620085B451 /* DYZBTests */ = {
			isa = PBXGroup;
			children = (
				0FF25A2F1EF193620085B451 /* DYZBTests.swift */,
				0FF25A311EF193620085B451 /* Info.plist */,
			);
			path = DYZBTests;
			sourceTree = "<group>";
		};
		0FF25A391EF193620085B451 /* DYZBUITests */ = {
			isa = PBXGroup;
			children = (
				0FF25A3A1EF193620085B451 /* DYZBUITests.swift */,
				0FF25A3C1EF193620085B451 /* Info.plist */,
			);
			path = DYZBUITests;
			sourceTree = "<group>";
		};
		0FF25A481EF19EFB0085B451 /* Classes */ = {
			isa = PBXGroup;
			children = (
				0FF25A4A1EF19EFB0085B451 /* Home */,
				0FF25A491EF19EFB0085B451 /* Follow */,
				0FF25A4B1EF19EFB0085B451 /* Live */,
				0FF25A4C1EF19EFB0085B451 /* Main */,
				0FF25A4D1EF19EFB0085B451 /* Profile */,
				0FF25A4E1EF19EFB0085B451 /* Tool */,
			);
			path = Classes;
			sourceTree = "<group>";
		};
		0FF25A491EF19EFB0085B451 /* Follow */ = {
			isa = PBXGroup;
			children = (
				0F1AEA121EF2D2EE000B1A37 /* Follow.storyboard */,
			);
			path = Follow;
			sourceTree = "<group>";
		};
		0FF25A4A1EF19EFB0085B451 /* Home */ = {
			isa = PBXGroup;
			children = (
				0F1AEA1C1EF2E687000B1A37 /* Model */,
				0F1AEA1D1EF2E687000B1A37 /* View */,
				0F1AEA1B1EF2E687000B1A37 /* Controller */,
				0F1AEA0D1EF2D231000B1A37 /* Home.storyboard */,
			);
			path = Home;
			sourceTree = "<group>";
		};
		0FF25A4B1EF19EFB0085B451 /* Live */ = {
			isa = PBXGroup;
			children = (
				0F1AEA101EF2D2D4000B1A37 /* Live.storyboard */,
			);
			path = Live;
			sourceTree = "<group>";
		};
		0FF25A4C1EF19EFB0085B451 /* Main */ = {
			isa = PBXGroup;
			children = (
				0F1AEA1E1EF2E697000B1A37 /* Controller */,
				0F1AEA1F1EF2E697000B1A37 /* Model */,
				0F1AEA201EF2E697000B1A37 /* View */,
				0FF25A1E1EF193620085B451 /* Main.storyboard */,
				0F1AEA191EF2DFA3000B1A37 /* MainViewController.swift */,
			);
			path = Main;
			sourceTree = "<group>";
		};
		0FF25A4D1EF19EFB0085B451 /* Profile */ = {
			isa = PBXGroup;
			children = (
				0F1AEA151EF2D304000B1A37 /* Profile.storyboard */,
			);
			path = Profile;
			sourceTree = "<group>";
		};
		0FF25A4E1EF19EFB0085B451 /* Tool */ = {
			isa = PBXGroup;
			children = (
				0FE48A9C1EF6CCB400887BC0 /* Extension */,
			);
			path = Tool;
			sourceTree = "<group>";
		};
/* End PBXGroup section */

/* Begin PBXNativeTarget section */
		0FF25A161EF193620085B451 /* DYZB */ = {
			isa = PBXNativeTarget;
			buildConfigurationList = 0FF25A3F1EF193620085B451 /* Build configuration list for PBXNativeTarget "DYZB" */;
			buildPhases = (
				0FF25A131EF193620085B451 /* Sources */,
				0FF25A141EF193620085B451 /* Frameworks */,
				0FF25A151EF193620085B451 /* Resources */,
			);
			buildRules = (
			);
			dependencies = (
			);
			name = DYZB;
			productName = DYZB;
			productReference = 0FF25A171EF193620085B451 /* DYZB.app */;
			productType = "com.apple.product-type.application";
		};
		0FF25A2A1EF193620085B451 /* DYZBTests */ = {
			isa = PBXNativeTarget;
			buildConfigurationList = 0FF25A421EF193620085B451 /* Build configuration list for PBXNativeTarget "DYZBTests" */;
			buildPhases = (
				0FF25A271EF193620085B451 /* Sources */,
				0FF25A281EF193620085B451 /* Frameworks */,
				0FF25A291EF193620085B451 /* Resources */,
			);
			buildRules = (
			);
			dependencies = (
				0FF25A2D1EF193620085B451 /* PBXTargetDependency */,
			);
			name = DYZBTests;
			productName = DYZBTests;
			productReference = 0FF25A2B1EF193620085B451 /* DYZBTests.xctest */;
			productType = "com.apple.product-type.bundle.unit-test";
		};
		0FF25A351EF193620085B451 /* DYZBUITests */ = {
			isa = PBXNativeTarget;
			buildConfigurationList = 0FF25A451EF193620085B451 /* Build configuration list for PBXNativeTarget "DYZBUITests" */;
			buildPhases = (
				0FF25A321EF193620085B451 /* Sources */,
				0FF25A331EF193620085B451 /* Frameworks */,
				0FF25A341EF193620085B451 /* Resources */,
			);
			buildRules = (
			);
			dependencies = (
				0FF25A381EF193620085B451 /* PBXTargetDependency */,
			);
			name = DYZBUITests;
			productName = DYZBUITests;
			productReference = 0FF25A361EF193620085B451 /* DYZBUITests.xctest */;
			productType = "com.apple.product-type.bundle.ui-testing";
		};
/* End PBXNativeTarget section */

/* Begin PBXProject section */
		0FF25A0F1EF193620085B451 /* Project object */ = {
			isa = PBXProject;
			attributes = {
				LastSwiftUpdateCheck = 0830;
				LastUpgradeCheck = 0830;
				ORGANIZATIONNAME = TonyYang;
				TargetAttributes = {
					0FF25A161EF193620085B451 = {
						CreatedOnToolsVersion = 8.3.3;
						ProvisioningStyle = Manual;
					};
					0FF25A2A1EF193620085B451 = {
						CreatedOnToolsVersion = 8.3.3;
						ProvisioningStyle = Automatic;
						TestTargetID = 0FF25A161EF193620085B451;
					};
					0FF25A351EF193620085B451 = {
						CreatedOnToolsVersion = 8.3.3;
						ProvisioningStyle = Automatic;
						TestTargetID = 0FF25A161EF193620085B451;
					};
				};
			};
			buildConfigurationList = 0FF25A121EF193620085B451 /* Build configuration list for PBXProject "DYZB" */;
			compatibilityVersion = "Xcode 3.2";
			developmentRegion = English;
			hasScannedForEncodings = 0;
			knownRegions = (
				en,
				Base,
			);
			mainGroup = 0FF25A0E1EF193620085B451;
			productRefGroup = 0FF25A181EF193620085B451 /* Products */;
			projectDirPath = "";
			projectRoot = "";
			targets = (
				0FF25A161EF193620085B451 /* DYZB */,
				0FF25A2A1EF193620085B451 /* DYZBTests */,
				0FF25A351EF193620085B451 /* DYZBUITests */,
			);
		};
/* End PBXProject section */

/* Begin PBXResourcesBuildPhase section */
		0FF25A151EF193620085B451 /* Resources */ = {
			isa = PBXResourcesBuildPhase;
			buildActionMask = 2147483647;
			files = (
				0FF25A251EF193620085B451 /* LaunchScreen.storyboard in Resources */,
				0FF25A221EF193620085B451 /* Assets.xcassets in Resources */,
				0FF25A201EF193620085B451 /* Main.storyboard in Resources */,
				0F1AEA111EF2D2D4000B1A37 /* Live.storyboard in Resources */,
				0F1AEA0F1EF2D231000B1A37 /* Home.storyboard in Resources */,
				0F1AEA161EF2D304000B1A37 /* Profile.storyboard in Resources */,
				0F1AEA141EF2D2EE000B1A37 /* Follow.storyboard in Resources */,
			);
			runOnlyForDeploymentPostprocessing = 0;
		};
		0FF25A291EF193620085B451 /* Resources */ = {
			isa = PBXResourcesBuildPhase;
			buildActionMask = 2147483647;
			files = (
			);
			runOnlyForDeploymentPostprocessing = 0;
		};
		0FF25A341EF193620085B451 /* Resources */ = {
			isa = PBXResourcesBuildPhase;
			buildActionMask = 2147483647;
			files = (
			);
			runOnlyForDeploymentPostprocessing = 0;
		};
/* End PBXResourcesBuildPhase section */

/* Begin PBXSourcesBuildPhase section */
		0FF25A131EF193620085B451 /* Sources */ = {
			isa = PBXSourcesBuildPhase;
			buildActionMask = 2147483647;
			files = (
				0FF25A1B1EF193620085B451 /* AppDelegate.swift in Sources */,
				0F1AEA1A1EF2DFA3000B1A37 /* MainViewController.swift in Sources */,
				0FE48AA01EF6CD0700887BC0 /* UIBarButtonItem-Extension.swift in Sources */,
				0F1AEA221EF2E6DA000B1A37 /* HomeViewController.swift in Sources */,
			);
			runOnlyForDeploymentPostprocessing = 0;
		};
		0FF25A271EF193620085B451 /* Sources */ = {
			isa = PBXSourcesBuildPhase;
			buildActionMask = 2147483647;
			files = (
				0FF25A301EF193620085B451 /* DYZBTests.swift in Sources */,
			);
			runOnlyForDeploymentPostprocessing = 0;
		};
		0FF25A321EF193620085B451 /* Sources */ = {
			isa = PBXSourcesBuildPhase;
			buildActionMask = 2147483647;
			files = (
				0FF25A3B1EF193620085B451 /* DYZBUITests.swift in Sources */,
			);
			runOnlyForDeploymentPostprocessing = 0;
		};
/* End PBXSourcesBuildPhase section */

/* Begin PBXTargetDependency section */
		0FF25A2D1EF193620085B451 /* PBXTargetDependency */ = {
			isa = PBXTargetDependency;
			target = 0FF25A161EF193620085B451 /* DYZB */;
			targetProxy = 0FF25A2C1EF193620085B451 /* PBXContainerItemProxy */;
		};
		0FF25A381EF193620085B451 /* PBXTargetDependency */ = {
			isa = PBXTargetDependency;
			target = 0FF25A161EF193620085B451 /* DYZB */;
			targetProxy = 0FF25A371EF193620085B451 /* PBXContainerItemProxy */;
		};
/* End PBXTargetDependency section */

/* Begin PBXVariantGroup section */
		0F1AEA0D1EF2D231000B1A37 /* Home.storyboard */ = {
			isa = PBXVariantGroup;
			children = (
				0F1AEA0E1EF2D231000B1A37 /* Base */,
			);
			name = Home.storyboard;
			path = ../Main;
			sourceTree = "<group>";
		};
		0F1AEA121EF2D2EE000B1A37 /* Follow.storyboard */ = {
			isa = PBXVariantGroup;
			children = (
				0F1AEA131EF2D2EE000B1A37 /* Base */,
			);
			name = Follow.storyboard;
			path = ../Main;
			sourceTree = "<group>";
		};
		0FF25A1E1EF193620085B451 /* Main.storyboard */ = {
			isa = PBXVariantGroup;
			children = (
				0FF25A1F1EF193620085B451 /* Base */,
			);
			name = Main.storyboard;
			path = ../..;
			sourceTree = "<group>";
		};
		0FF25A231EF193620085B451 /* LaunchScreen.storyboard */ = {
			isa = PBXVariantGroup;
			children = (
				0FF25A241EF193620085B451 /* Base */,
			);
			name = LaunchScreen.storyboard;
			sourceTree = "<group>";
		};
/* End PBXVariantGroup section */

/* Begin XCBuildConfiguration section */
		0FF25A3D1EF193620085B451 /* Debug */ = {
			isa = XCBuildConfiguration;
			buildSettings = {
				ALWAYS_SEARCH_USER_PATHS = NO;
				CLANG_ANALYZER_NONNULL = YES;
				CLANG_ANALYZER_NUMBER_OBJECT_CONVERSION = YES_AGGRESSIVE;
				CLANG_CXX_LANGUAGE_STANDARD = "gnu++0x";
				CLANG_CXX_LIBRARY = "libc++";
				CLANG_ENABLE_MODULES = YES;
				CLANG_ENABLE_OBJC_ARC = YES;
				CLANG_WARN_BOOL_CONVERSION = YES;
				CLANG_WARN_CONSTANT_CONVERSION = YES;
				CLANG_WARN_DIRECT_OBJC_ISA_USAGE = YES_ERROR;
				CLANG_WARN_DOCUMENTATION_COMMENTS = YES;
				CLANG_WARN_EMPTY_BODY = YES;
				CLANG_WARN_ENUM_CONVERSION = YES;
				CLANG_WARN_INFINITE_RECURSION = YES;
				CLANG_WARN_INT_CONVERSION = YES;
				CLANG_WARN_OBJC_ROOT_CLASS = YES_ERROR;
				CLANG_WARN_SUSPICIOUS_MOVE = YES;
				CLANG_WARN_UNREACHABLE_CODE = YES;
				CLANG_WARN__DUPLICATE_METHOD_MATCH = YES;
				"CODE_SIGN_IDENTITY[sdk=iphoneos*]" = "iPhone Developer";
				COPY_PHASE_STRIP = NO;
				DEBUG_INFORMATION_FORMAT = dwarf;
				ENABLE_STRICT_OBJC_MSGSEND = YES;
				ENABLE_TESTABILITY = YES;
				GCC_C_LANGUAGE_STANDARD = gnu99;
				GCC_DYNAMIC_NO_PIC = NO;
				GCC_NO_COMMON_BLOCKS = YES;
				GCC_OPTIMIZATION_LEVEL = 0;
				GCC_PREPROCESSOR_DEFINITIONS = (
					"DEBUG=1",
					"$(inherited)",
				);
				GCC_WARN_64_TO_32_BIT_CONVERSION = YES;
				GCC_WARN_ABOUT_RETURN_TYPE = YES_ERROR;
				GCC_WARN_UNDECLARED_SELECTOR = YES;
				GCC_WARN_UNINITIALIZED_AUTOS = YES_AGGRESSIVE;
				GCC_WARN_UNUSED_FUNCTION = YES;
				GCC_WARN_UNUSED_VARIABLE = YES;
				IPHONEOS_DEPLOYMENT_TARGET = 10.3;
				MTL_ENABLE_DEBUG_INFO = YES;
				ONLY_ACTIVE_ARCH = YES;
				SDKROOT = iphoneos;
				SWIFT_ACTIVE_COMPILATION_CONDITIONS = DEBUG;
				SWIFT_OPTIMIZATION_LEVEL = "-Onone";
				TARGETED_DEVICE_FAMILY = "1,2";
			};
			name = Debug;
		};
		0FF25A3E1EF193620085B451 /* Release */ = {
			isa = XCBuildConfiguration;
			buildSettings = {
				ALWAYS_SEARCH_USER_PATHS = NO;
				CLANG_ANALYZER_NONNULL = YES;
				CLANG_ANALYZER_NUMBER_OBJECT_CONVERSION = YES_AGGRESSIVE;
				CLANG_CXX_LANGUAGE_STANDARD = "gnu++0x";
				CLANG_CXX_LIBRARY = "libc++";
				CLANG_ENABLE_MODULES = YES;
				CLANG_ENABLE_OBJC_ARC = YES;
				CLANG_WARN_BOOL_CONVERSION = YES;
				CLANG_WARN_CONSTANT_CONVERSION = YES;
				CLANG_WARN_DIRECT_OBJC_ISA_USAGE = YES_ERROR;
				CLANG_WARN_DOCUMENTATION_COMMENTS = YES;
				CLANG_WARN_EMPTY_BODY = YES;
				CLANG_WARN_ENUM_CONVERSION = YES;
				CLANG_WARN_INFINITE_RECURSION = YES;
				CLANG_WARN_INT_CONVERSION = YES;
				CLANG_WARN_OBJC_ROOT_CLASS = YES_ERROR;
				CLANG_WARN_SUSPICIOUS_MOVE = YES;
				CLANG_WARN_UNREACHABLE_CODE = YES;
				CLANG_WARN__DUPLICATE_METHOD_MATCH = YES;
				"CODE_SIGN_IDENTITY[sdk=iphoneos*]" = "iPhone Developer";
				COPY_PHASE_STRIP = NO;
				DEBUG_INFORMATION_FORMAT = "dwarf-with-dsym";
				ENABLE_NS_ASSERTIONS = NO;
				ENABLE_STRICT_OBJC_MSGSEND = YES;
				GCC_C_LANGUAGE_STANDARD = gnu99;
				GCC_NO_COMMON_BLOCKS = YES;
				GCC_WARN_64_TO_32_BIT_CONVERSION = YES;
				GCC_WARN_ABOUT_RETURN_TYPE = YES_ERROR;
				GCC_WARN_UNDECLARED_SELECTOR = YES;
				GCC_WARN_UNINITIALIZED_AUTOS = YES_AGGRESSIVE;
				GCC_WARN_UNUSED_FUNCTION = YES;
				GCC_WARN_UNUSED_VARIABLE = YES;
				IPHONEOS_DEPLOYMENT_TARGET = 10.3;
				MTL_ENABLE_DEBUG_INFO = NO;
				SDKROOT = iphoneos;
				SWIFT_OPTIMIZATION_LEVEL = "-Owholemodule";
				TARGETED_DEVICE_FAMILY = "1,2";
				VALIDATE_PRODUCT = YES;
			};
			name = Release;
		};
		0FF25A401EF193620085B451 /* Debug */ = {
			isa = XCBuildConfiguration;
			buildSettings = {
				ASSETCATALOG_COMPILER_APPICON_NAME = AppIcon;
				ASSETCATALOG_COMPILER_LAUNCHIMAGE_NAME = LaunchImage;
				DEVELOPMENT_TEAM = "";
				INFOPLIST_FILE = DYZB/Info.plist;
				IPHONEOS_DEPLOYMENT_TARGET = 8.0;
				LD_RUNPATH_SEARCH_PATHS = "$(inherited) @executable_path/Frameworks";
				PRODUCT_BUNDLE_IDENTIFIER = gaochongyang.DYZB;
				PRODUCT_NAME = "$(TARGET_NAME)";
				PROVISIONING_PROFILE_SPECIFIER = "";
				SWIFT_VERSION = 3.0;
				TARGETED_DEVICE_FAMILY = 1;
			};
			name = Debug;
		};
		0FF25A411EF193620085B451 /* Release */ = {
			isa = XCBuildConfiguration;
			buildSettings = {
				ASSETCATALOG_COMPILER_APPICON_NAME = AppIcon;
				ASSETCATALOG_COMPILER_LAUNCHIMAGE_NAME = LaunchImage;
				DEVELOPMENT_TEAM = "";
				INFOPLIST_FILE = DYZB/Info.plist;
				IPHONEOS_DEPLOYMENT_TARGET = 8.0;
				LD_RUNPATH_SEARCH_PATHS = "$(inherited) @executable_path/Frameworks";
				PRODUCT_BUNDLE_IDENTIFIER = gaochongyang.DYZB;
				PRODUCT_NAME = "$(TARGET_NAME)";
				PROVISIONING_PROFILE_SPECIFIER = "";
				SWIFT_VERSION = 3.0;
				TARGETED_DEVICE_FAMILY = 1;
			};
			name = Release;
		};
		0FF25A431EF193620085B451 /* Debug */ = {
			isa = XCBuildConfiguration;
			buildSettings = {
				ALWAYS_EMBED_SWIFT_STANDARD_LIBRARIES = YES;
				BUNDLE_LOADER = "$(TEST_HOST)";
				INFOPLIST_FILE = DYZBTests/Info.plist;
				LD_RUNPATH_SEARCH_PATHS = "$(inherited) @executable_path/Frameworks @loader_path/Frameworks";
				PRODUCT_BUNDLE_IDENTIFIER = gaochongyang.DYZBTests;
				PRODUCT_NAME = "$(TARGET_NAME)";
				SWIFT_VERSION = 3.0;
				TEST_HOST = "$(BUILT_PRODUCTS_DIR)/DYZB.app/DYZB";
			};
			name = Debug;
		};
		0FF25A441EF193620085B451 /* Release */ = {
			isa = XCBuildConfiguration;
			buildSettings = {
				ALWAYS_EMBED_SWIFT_STANDARD_LIBRARIES = YES;
				BUNDLE_LOADER = "$(TEST_HOST)";
				INFOPLIST_FILE = DYZBTests/Info.plist;
				LD_RUNPATH_SEARCH_PATHS = "$(inherited) @executable_path/Frameworks @loader_path/Frameworks";
				PRODUCT_BUNDLE_IDENTIFIER = gaochongyang.DYZBTests;
				PRODUCT_NAME = "$(TARGET_NAME)";
				SWIFT_VERSION = 3.0;
				TEST_HOST = "$(BUILT_PRODUCTS_DIR)/DYZB.app/DYZB";
			};
			name = Release;
		};
		0FF25A461EF193620085B451 /* Debug */ = {
			isa = XCBuildConfiguration;
			buildSettings = {
				ALWAYS_EMBED_SWIFT_STANDARD_LIBRARIES = YES;
				INFOPLIST_FILE = DYZBUITests/Info.plist;
				LD_RUNPATH_SEARCH_PATHS = "$(inherited) @executable_path/Frameworks @loader_path/Frameworks";
				PRODUCT_BUNDLE_IDENTIFIER = gaochongyang.DYZBUITests;
				PRODUCT_NAME = "$(TARGET_NAME)";
				SWIFT_VERSION = 3.0;
				TEST_TARGET_NAME = DYZB;
			};
			name = Debug;
		};
		0FF25A471EF193620085B451 /* Release */ = {
			isa = XCBuildConfiguration;
			buildSettings = {
				ALWAYS_EMBED_SWIFT_STANDARD_LIBRARIES = YES;
				INFOPLIST_FILE = DYZBUITests/Info.plist;
				LD_RUNPATH_SEARCH_PATHS = "$(inherited) @executable_path/Frameworks @loader_path/Frameworks";
				PRODUCT_BUNDLE_IDENTIFIER = gaochongyang.DYZBUITests;
				PRODUCT_NAME = "$(TARGET_NAME)";
				SWIFT_VERSION = 3.0;
				TEST_TARGET_NAME = DYZB;
			};
			name = Release;
		};
/* End XCBuildConfiguration section */

/* Begin XCConfigurationList section */
		0FF25A121EF193620085B451 /* Build configuration list for PBXProject "DYZB" */ = {
			isa = XCConfigurationList;
			buildConfigurations = (
				0FF25A3D1EF193620085B451 /* Debug */,
				0FF25A3E1EF193620085B451 /* Release */,
			);
			defaultConfigurationIsVisible = 0;
			defaultConfigurationName = Release;
		};
		0FF25A3F1EF193620085B451 /* Build configuration list for PBXNativeTarget "DYZB" */ = {
			isa = XCConfigurationList;
			buildConfigurations = (
				0FF25A401EF193620085B451 /* Debug */,
				0FF25A411EF193620085B451 /* Release */,
			);
			defaultConfigurationIsVisible = 0;
			defaultConfigurationName = Release;
		};
		0FF25A421EF193620085B451 /* Build configuration list for PBXNativeTarget "DYZBTests" */ = {
			isa = XCConfigurationList;
			buildConfigurations = (
				0FF25A431EF193620085B451 /* Debug */,
				0FF25A441EF193620085B451 /* Release */,
			);
			defaultConfigurationIsVisible = 0;
			defaultConfigurationName = Release;
		};
		0FF25A451EF193620085B451 /* Build configuration list for PBXNativeTarget "DYZBUITests" */ = {
			isa = XCConfigurationList;
			buildConfigurations = (
				0FF25A461EF193620085B451 /* Debug */,
				0FF25A471EF193620085B451 /* Release */,
			);
			defaultConfigurationIsVisible = 0;
			defaultConfigurationName = Release;
		};
/* End XCConfigurationList section */
	};
	rootObject = 0FF25A0F1EF193620085B451 /* Project object */;
}
